// !$*UTF8*$!
{
	archiveVersion = 1;
	classes = {
	};
	objectVersion = 46;
	objects = {

/* Begin PBXBuildFile section */
		40F1A02017C7D535008EC381 /* Foundation.framework in Frameworks */ = {isa = PBXBuildFile; fileRef = 40F1A01F17C7D535008EC381 /* Foundation.framework */; };
		40F1A02217C7D535008EC381 /* CoreGraphics.framework in Frameworks */ = {isa = PBXBuildFile; fileRef = 40F1A02117C7D535008EC381 /* CoreGraphics.framework */; };
		40F1A02417C7D535008EC381 /* UIKit.framework in Frameworks */ = {isa = PBXBuildFile; fileRef = 40F1A02317C7D535008EC381 /* UIKit.framework */; };
		40F1A02617C7D535008EC381 /* GLKit.framework in Frameworks */ = {isa = PBXBuildFile; fileRef = 40F1A02517C7D535008EC381 /* GLKit.framework */; };
		40F1A02817C7D535008EC381 /* OpenGLES.framework in Frameworks */ = {isa = PBXBuildFile; fileRef = 40F1A02717C7D535008EC381 /* OpenGLES.framework */; };
		40F1A02E17C7D535008EC381 /* InfoPlist.strings in Resources */ = {isa = PBXBuildFile; fileRef = 40F1A02C17C7D535008EC381 /* InfoPlist.strings */; };
		40F1A03017C7D535008EC381 /* main.m in Sources */ = {isa = PBXBuildFile; fileRef = 40F1A02F17C7D535008EC381 /* main.m */; };
		40F1A03417C7D535008EC381 /* AppDelegate.m in Sources */ = {isa = PBXBuildFile; fileRef = 40F1A03317C7D535008EC381 /* AppDelegate.m */; };
		40F1A03717C7D535008EC381 /* Main.storyboard in Resources */ = {isa = PBXBuildFile; fileRef = 40F1A03517C7D535008EC381 /* Main.storyboard */; };
		40F1A03917C7D535008EC381 /* Shader.fsh in Resources */ = {isa = PBXBuildFile; fileRef = 40F1A03817C7D535008EC381 /* Shader.fsh */; };
		40F1A03B17C7D535008EC381 /* Shader.vsh in Resources */ = {isa = PBXBuildFile; fileRef = 40F1A03A17C7D535008EC381 /* Shader.vsh */; };
		40F1A03E17C7D535008EC381 /* ViewController.m in Sources */ = {isa = PBXBuildFile; fileRef = 40F1A03D17C7D535008EC381 /* ViewController.m */; };
		40F1A04017C7D535008EC381 /* Images.xcassets in Resources */ = {isa = PBXBuildFile; fileRef = 40F1A03F17C7D535008EC381 /* Images.xcassets */; };
		40F1A04717C7D535008EC381 /* XCTest.framework in Frameworks */ = {isa = PBXBuildFile; fileRef = 40F1A04617C7D535008EC381 /* XCTest.framework */; };
		40F1A04817C7D535008EC381 /* Foundation.framework in Frameworks */ = {isa = PBXBuildFile; fileRef = 40F1A01F17C7D535008EC381 /* Foundation.framework */; };
		40F1A04917C7D535008EC381 /* UIKit.framework in Frameworks */ = {isa = PBXBuildFile; fileRef = 40F1A02317C7D535008EC381 /* UIKit.framework */; };
		40F1A05117C7D535008EC381 /* InfoPlist.strings in Resources */ = {isa = PBXBuildFile; fileRef = 40F1A04F17C7D535008EC381 /* InfoPlist.strings */; };
		40F1A05317C7D535008EC381 /* DemoAppTests.m in Sources */ = {isa = PBXBuildFile; fileRef = 40F1A05217C7D535008EC381 /* DemoAppTests.m */; };
/* End PBXBuildFile section */

/* Begin PBXContainerItemProxy section */
		40F1A04A17C7D535008EC381 /* PBXContainerItemProxy */ = {
			isa = PBXContainerItemProxy;
			containerPortal = 40F1A01417C7D535008EC381 /* Project object */;
			proxyType = 1;
			remoteGlobalIDString = 40F1A01B17C7D535008EC381;
			remoteInfo = DemoApp;
		};
/* End PBXContainerItemProxy section */

/* Begin PBXFileReference section */
		40F1A01C17C7D535008EC381 /* DemoApp.app */ = {isa = PBXFileReference; explicitFileType = wrapper.application; includeInIndex = 0; path = DemoApp.app; sourceTree = BUILT_PRODUCTS_DIR; };
		40F1A01F17C7D535008EC381 /* Foundation.framework */ = {isa = PBXFileReference; lastKnownFileType = wrapper.framework; name = Foundation.framework; path = System/Library/Frameworks/Foundation.framework; sourceTree = SDKROOT; };
		40F1A02117C7D535008EC381 /* CoreGraphics.framework */ = {isa = PBXFileReference; lastKnownFileType = wrapper.framework; name = CoreGraphics.framework; path = System/Library/Frameworks/CoreGraphics.framework; sourceTree = SDKROOT; };
		40F1A02317C7D535008EC381 /* UIKit.framework */ = {isa = PBXFileReference; lastKnownFileType = wrapper.framework; name = UIKit.framework; path = System/Library/Frameworks/UIKit.framework; sourceTree = SDKROOT; };
		40F1A02517C7D535008EC381 /* GLKit.framework */ = {isa = PBXFileReference; lastKnownFileType = wrapper.framework; name = GLKit.framework; path = System/Library/Frameworks/GLKit.framework; sourceTree = SDKROOT; };
		40F1A02717C7D535008EC381 /* OpenGLES.framework */ = {isa = PBXFileReference; lastKnownFileType = wrapper.framework; name = OpenGLES.framework; path = System/Library/Frameworks/OpenGLES.framework; sourceTree = SDKROOT; };
		40F1A02B17C7D535008EC381 /* DemoApp-Info.plist */ = {isa = PBXFileReference; lastKnownFileType = text.plist.xml; path = "DemoApp-Info.plist"; sourceTree = "<group>"; };
		40F1A02D17C7D535008EC381 /* en */ = {isa = PBXFileReference; lastKnownFileType = text.plist.strings; name = en; path = en.lproj/InfoPlist.strings; sourceTree = "<group>"; };
		40F1A02F17C7D535008EC381 /* main.m */ = {isa = PBXFileReference; lastKnownFileType = sourcecode.c.objc; path = main.m; sourceTree = "<group>"; };
		40F1A03117C7D535008EC381 /* DemoApp-Prefix.pch */ = {isa = PBXFileReference; lastKnownFileType = sourcecode.c.h; path = "DemoApp-Prefix.pch"; sourceTree = "<group>"; };
		40F1A03217C7D535008EC381 /* AppDelegate.h */ = {isa = PBXFileReference; lastKnownFileType = sourcecode.c.h; path = AppDelegate.h; sourceTree = "<group>"; };
		40F1A03317C7D535008EC381 /* AppDelegate.m */ = {isa = PBXFileReference; lastKnownFileType = sourcecode.c.objc; path = AppDelegate.m; sourceTree = "<group>"; };
		40F1A03617C7D535008EC381 /* Base */ = {isa = PBXFileReference; lastKnownFileType = file.storyboard; name = Base; path = Base.lproj/Main.storyboard; sourceTree = "<group>"; };
		40F1A03817C7D535008EC381 /* Shader.fsh */ = {isa = PBXFileReference; lastKnownFileType = sourcecode.glsl; name = Shader.fsh; path = Shaders/Shader.fsh; sourceTree = "<group>"; };
		40F1A03A17C7D535008EC381 /* Shader.vsh */ = {isa = PBXFileReference; lastKnownFileType = sourcecode.glsl; name = Shader.vsh; path = Shaders/Shader.vsh; sourceTree = "<group>"; };
		40F1A03C17C7D535008EC381 /* ViewController.h */ = {isa = PBXFileReference; lastKnownFileType = sourcecode.c.h; path = ViewController.h; sourceTree = "<group>"; };
		40F1A03D17C7D535008EC381 /* ViewController.m */ = {isa = PBXFileReference; lastKnownFileType = sourcecode.c.objc; path = ViewController.m; sourceTree = "<group>"; };
		40F1A03F17C7D535008EC381 /* Images.xcassets */ = {isa = PBXFileReference; lastKnownFileType = folder.assetcatalog; path = Images.xcassets; sourceTree = "<group>"; };
		40F1A04517C7D535008EC381 /* DemoAppTests.xctest */ = {isa = PBXFileReference; explicitFileType = wrapper.cfbundle; includeInIndex = 0; path = DemoAppTests.xctest; sourceTree = BUILT_PRODUCTS_DIR; };
		40F1A04617C7D535008EC381 /* XCTest.framework */ = {isa = PBXFileReference; lastKnownFileType = wrapper.framework; name = XCTest.framework; path = Library/Frameworks/XCTest.framework; sourceTree = DEVELOPER_DIR; };
		40F1A04E17C7D535008EC381 /* DemoAppTests-Info.plist */ = {isa = PBXFileReference; lastKnownFileType = text.plist.xml; path = "DemoAppTests-Info.plist"; sourceTree = "<group>"; };
		40F1A05017C7D535008EC381 /* en */ = {isa = PBXFileReference; lastKnownFileType = text.plist.strings; name = en; path = en.lproj/InfoPlist.strings; sourceTree = "<group>"; };
		40F1A05217C7D535008EC381 /* DemoAppTests.m */ = {isa = PBXFileReference; lastKnownFileType = sourcecode.c.objc; path = DemoAppTests.m; sourceTree = "<group>"; };
/* End PBXFileReference section */

/* Begin PBXFrameworksBuildPhase section */
		40F1A01917C7D535008EC381 /* Frameworks */ = {
			isa = PBXFrameworksBuildPhase;
			buildActionMask = 2147483647;
			files = (
				40F1A02817C7D535008EC381 /* OpenGLES.framework in Frameworks */,
				40F1A02217C7D535008EC381 /* CoreGraphics.framework in Frameworks */,
				40F1A02417C7D535008EC381 /* UIKit.framework in Frameworks */,
				40F1A02617C7D535008EC381 /* GLKit.framework in Frameworks */,
				40F1A02017C7D535008EC381 /* Foundation.framework in Frameworks */,
			);
			runOnlyForDeploymentPostprocessing = 0;
		};
		40F1A04217C7D535008EC381 /* Frameworks */ = {
			isa = PBXFrameworksBuildPhase;
			buildActionMask = 2147483647;
			files = (
				40F1A04717C7D535008EC381 /* XCTest.framework in Frameworks */,
				40F1A04917C7D535008EC381 /* UIKit.framework in Frameworks */,
				40F1A04817C7D535008EC381 /* Foundation.framework in Frameworks */,
			);
			runOnlyForDeploymentPostprocessing = 0;
		};
/* End PBXFrameworksBuildPhase section */

/* Begin PBXGroup section */
		40F1A01317C7D535008EC381 = {
			isa = PBXGroup;
			children = (
				40F1A02917C7D535008EC381 /* DemoApp */,
				40F1A04C17C7D535008EC381 /* DemoAppTests */,
				40F1A01E17C7D535008EC381 /* Frameworks */,
				40F1A01D17C7D535008EC381 /* Products */,
			);
			sourceTree = "<group>";
		};
		40F1A01D17C7D535008EC381 /* Products */ = {
			isa = PBXGroup;
			children = (
				40F1A01C17C7D535008EC381 /* DemoApp.app */,
				40F1A04517C7D535008EC381 /* DemoAppTests.xctest */,
			);
			name = Products;
			sourceTree = "<group>";
		};
		40F1A01E17C7D535008EC381 /* Frameworks */ = {
			isa = PBXGroup;
			children = (
				40F1A01F17C7D535008EC381 /* Foundation.framework */,
				40F1A02117C7D535008EC381 /* CoreGraphics.framework */,
				40F1A02317C7D535008EC381 /* UIKit.framework */,
				40F1A02517C7D535008EC381 /* GLKit.framework */,
				40F1A02717C7D535008EC381 /* OpenGLES.framework */,
				40F1A04617C7D535008EC381 /* XCTest.framework */,
			);
			name = Frameworks;
			sourceTree = "<group>";
		};
		40F1A02917C7D535008EC381 /* DemoApp */ = {
			isa = PBXGroup;
			children = (
				40F1A03217C7D535008EC381 /* AppDelegate.h */,
				40F1A03317C7D535008EC381 /* AppDelegate.m */,
				40F1A03517C7D535008EC381 /* Main.storyboard */,
				40F1A03817C7D535008EC381 /* Shader.fsh */,
				40F1A03A17C7D535008EC381 /* Shader.vsh */,
				40F1A03C17C7D535008EC381 /* ViewController.h */,
				40F1A03D17C7D535008EC381 /* ViewController.m */,
				40F1A03F17C7D535008EC381 /* Images.xcassets */,
				40F1A02A17C7D535008EC381 /* Supporting Files */,
			);
			path = DemoApp;
			sourceTree = "<group>";
		};
		40F1A02A17C7D535008EC381 /* Supporting Files */ = {
			isa = PBXGroup;
			children = (
				40F1A02B17C7D535008EC381 /* DemoApp-Info.plist */,
				40F1A02C17C7D535008EC381 /* InfoPlist.strings */,
				40F1A02F17C7D535008EC381 /* main.m */,
				40F1A03117C7D535008EC381 /* DemoApp-Prefix.pch */,
			);
			name = "Supporting Files";
			sourceTree = "<group>";
		};
		40F1A04C17C7D535008EC381 /* DemoAppTests */ = {
			isa = PBXGroup;
			children = (
				40F1A05217C7D535008EC381 /* DemoAppTests.m */,
				40F1A04D17C7D535008EC381 /* Supporting Files */,
			);
			path = DemoAppTests;
			sourceTree = "<group>";
		};
		40F1A04D17C7D535008EC381 /* Supporting Files */ = {
			isa = PBXGroup;
			children = (
				40F1A04E17C7D535008EC381 /* DemoAppTests-Info.plist */,
				40F1A04F17C7D535008EC381 /* InfoPlist.strings */,
			);
			name = "Supporting Files";
			sourceTree = "<group>";
		};
/* End PBXGroup section */

/* Begin PBXNativeTarget section */
		40F1A01B17C7D535008EC381 /* DemoApp */ = {
			isa = PBXNativeTarget;
			buildConfigurationList = 40F1A05617C7D535008EC381 /* Build configuration list for PBXNativeTarget "DemoApp" */;
			buildPhases = (
				40F1A01817C7D535008EC381 /* Sources */,
				40F1A01917C7D535008EC381 /* Frameworks */,
				40F1A01A17C7D535008EC381 /* Resources */,
			);
			buildRules = (
			);
			dependencies = (
			);
			name = DemoApp;
			productName = DemoApp;
			productReference = 40F1A01C17C7D535008EC381 /* DemoApp.app */;
			productType = "com.apple.product-type.application";
		};
		40F1A04417C7D535008EC381 /* DemoAppTests */ = {
			isa = PBXNativeTarget;
			buildConfigurationList = 40F1A05917C7D535008EC381 /* Build configuration list for PBXNativeTarget "DemoAppTests" */;
			buildPhases = (
				40F1A04117C7D535008EC381 /* Sources */,
				40F1A04217C7D535008EC381 /* Frameworks */,
				40F1A04317C7D535008EC381 /* Resources */,
			);
			buildRules = (
			);
			dependencies = (
				40F1A04B17C7D535008EC381 /* PBXTargetDependency */,
			);
			name = DemoAppTests;
			productName = DemoAppTests;
			productReference = 40F1A04517C7D535008EC381 /* DemoAppTests.xctest */;
			productType = "com.apple.product-type.bundle.unit-test";
		};
/* End PBXNativeTarget section */

/* Begin PBXProject section */
		40F1A01417C7D535008EC381 /* Project object */ = {
			isa = PBXProject;
			attributes = {
				LastUpgradeCheck = 0500;
				ORGANIZATIONNAME = "Hanz Meyer";
				TargetAttributes = {
					40F1A01B17C7D535008EC381 = {
						DevelopmentTeam = V48EBS92V9;
					};
					40F1A04417C7D535008EC381 = {
						TestTargetID = 40F1A01B17C7D535008EC381;
					};
				};
			};
			buildConfigurationList = 40F1A01717C7D535008EC381 /* Build configuration list for PBXProject "DemoApp" */;
			compatibilityVersion = "Xcode 3.2";
			developmentRegion = English;
			hasScannedForEncodings = 0;
			knownRegions = (
				en,
				Base,
			);
			mainGroup = 40F1A01317C7D535008EC381;
			productRefGroup = 40F1A01D17C7D535008EC381 /* Products */;
			projectDirPath = "";
			projectRoot = "";
			targets = (
				40F1A01B17C7D535008EC381 /* DemoApp */,
				40F1A04417C7D535008EC381 /* DemoAppTests */,
			);
		};
/* End PBXProject section */

/* Begin PBXResourcesBuildPhase section */
		40F1A01A17C7D535008EC381 /* Resources */ = {
			isa = PBXResourcesBuildPhase;
			buildActionMask = 2147483647;
			files = (
				40F1A03B17C7D535008EC381 /* Shader.vsh in Resources */,
				40F1A04017C7D535008EC381 /* Images.xcassets in Resources */,
				40F1A03917C7D535008EC381 /* Shader.fsh in Resources */,
				40F1A02E17C7D535008EC381 /* InfoPlist.strings in Resources */,
				40F1A03717C7D535008EC381 /* Main.storyboard in Resources */,
			);
			runOnlyForDeploymentPostprocessing = 0;
		};
		40F1A04317C7D535008EC381 /* Resources */ = {
			isa = PBXResourcesBuildPhase;
			buildActionMask = 2147483647;
			files = (
				40F1A05117C7D535008EC381 /* InfoPlist.strings in Resources */,
			);
			runOnlyForDeploymentPostprocessing = 0;
		};
/* End PBXResourcesBuildPhase section */

/* Begin PBXSourcesBuildPhase section */
		40F1A01817C7D535008EC381 /* Sources */ = {
			isa = PBXSourcesBuildPhase;
			buildActionMask = 2147483647;
			files = (
				40F1A03E17C7D535008EC381 /* ViewController.m in Sources */,
				40F1A03417C7D535008EC381 /* AppDelegate.m in Sources */,
				40F1A03017C7D535008EC381 /* main.m in Sources */,
			);
			runOnlyForDeploymentPostprocessing = 0;
		};
		40F1A04117C7D535008EC381 /* Sources */ = {
			isa = PBXSourcesBuildPhase;
			buildActionMask = 2147483647;
			files = (
				40F1A05317C7D535008EC381 /* DemoAppTests.m in Sources */,
			);
			runOnlyForDeploymentPostprocessing = 0;
		};
/* End PBXSourcesBuildPhase section */

/* Begin PBXTargetDependency section */
		40F1A04B17C7D535008EC381 /* PBXTargetDependency */ = {
			isa = PBXTargetDependency;
			target = 40F1A01B17C7D535008EC381 /* DemoApp */;
			targetProxy = 40F1A04A17C7D535008EC381 /* PBXContainerItemProxy */;
		};
/* End PBXTargetDependency section */

/* Begin PBXVariantGroup section */
		40F1A02C17C7D535008EC381 /* InfoPlist.strings */ = {
			isa = PBXVariantGroup;
			children = (
				40F1A02D17C7D535008EC381 /* en */,
			);
			name = InfoPlist.strings;
			sourceTree = "<group>";
		};
		40F1A03517C7D535008EC381 /* Main.storyboard */ = {
			isa = PBXVariantGroup;
			children = (
				40F1A03617C7D535008EC381 /* Base */,
			);
			name = Main.storyboard;
			sourceTree = "<group>";
		};
		40F1A04F17C7D535008EC381 /* InfoPlist.strings */ = {
			isa = PBXVariantGroup;
			children = (
				40F1A05017C7D535008EC381 /* en */,
			);
			name = InfoPlist.strings;
			sourceTree = "<group>";
		};
/* End PBXVariantGroup section */

/* Begin XCBuildConfiguration section */
		40F1A05417C7D535008EC381 /* Debug */ = {
			isa = XCBuildConfiguration;
			buildSettings = {
				ALWAYS_SEARCH_USER_PATHS = NO;
				CLANG_CXX_LANGUAGE_STANDARD = "gnu++0x";
				CLANG_CXX_LIBRARY = "libc++";
				CLANG_ENABLE_MODULES = YES;
				CLANG_ENABLE_OBJC_ARC = YES;
				CLANG_WARN_BOOL_CONVERSION = YES;
				CLANG_WARN_CONSTANT_CONVERSION = YES;
				CLANG_WARN_DIRECT_OBJC_ISA_USAGE = YES_ERROR;
				CLANG_WARN_EMPTY_BODY = YES;
				CLANG_WARN_ENUM_CONVERSION = YES;
				CLANG_WARN_INT_CONVERSION = YES;
				CLANG_WARN_OBJC_ROOT_CLASS = YES_ERROR;
				CLANG_WARN__DUPLICATE_METHOD_MATCH = YES;
				"CODE_SIGN_IDENTITY[sdk=iphoneos*]" = "iPhone Developer";
				COPY_PHASE_STRIP = NO;
				GCC_C_LANGUAGE_STANDARD = gnu99;
				GCC_DYNAMIC_NO_PIC = NO;
				GCC_OPTIMIZATION_LEVEL = 0;
				GCC_PREPROCESSOR_DEFINITIONS = (
					"DEBUG=1",
					"$(inherited)",
				);
				GCC_SYMBOLS_PRIVATE_EXTERN = NO;
				GCC_WARN_ABOUT_RETURN_TYPE = YES_ERROR;
				GCC_WARN_UNDECLARED_SELECTOR = YES;
				GCC_WARN_UNINITIALIZED_AUTOS = YES;
				GCC_WARN_UNUSED_FUNCTION = YES;
				GCC_WARN_UNUSED_VARIABLE = YES;
				IPHONEOS_DEPLOYMENT_TARGET = 7.0;
				ONLY_ACTIVE_ARCH = YES;
				SDKROOT = iphoneos;
			};
			name = Debug;
		};
		40F1A05517C7D535008EC381 /* Release */ = {
			isa = XCBuildConfiguration;
			buildSettings = {
				ALWAYS_SEARCH_USER_PATHS = NO;
				CLANG_CXX_LANGUAGE_STANDARD = "gnu++0x";
				CLANG_CXX_LIBRARY = "libc++";
				CLANG_ENABLE_MODULES = YES;
				CLANG_ENABLE_OBJC_ARC = YES;
				CLANG_WARN_BOOL_CONVERSION = YES;
				CLANG_WARN_CONSTANT_CONVERSION = YES;
				CLANG_WARN_DIRECT_OBJC_ISA_USAGE = YES_ERROR;
				CLANG_WARN_EMPTY_BODY = YES;
				CLANG_WARN_ENUM_CONVERSION = YES;
				CLANG_WARN_INT_CONVERSION = YES;
				CLANG_WARN_OBJC_ROOT_CLASS = YES_ERROR;
				CLANG_WARN__DUPLICATE_METHOD_MATCH = YES;
				"CODE_SIGN_IDENTITY[sdk=iphoneos*]" = "iPhone Developer";
				COPY_PHASE_STRIP = YES;
				ENABLE_NS_ASSERTIONS = NO;
				GCC_C_LANGUAGE_STANDARD = gnu99;
				GCC_WARN_ABOUT_RETURN_TYPE = YES_ERROR;
				GCC_WARN_UNDECLARED_SELECTOR = YES;
				GCC_WARN_UNINITIALIZED_AUTOS = YES;
				GCC_WARN_UNUSED_FUNCTION = YES;
				GCC_WARN_UNUSED_VARIABLE = YES;
				IPHONEOS_DEPLOYMENT_TARGET = 7.0;
				SDKROOT = iphoneos;
				VALIDATE_PRODUCT = YES;
			};
			name = Release;
		};
		40F1A05717C7D535008EC381 /* Debug */ = {
			isa = XCBuildConfiguration;
			buildSettings = {
				ASSETCATALOG_COMPILER_APPICON_NAME = AppIcon;
				ASSETCATALOG_COMPILER_LAUNCHIMAGE_NAME = LaunchImage;
				CODE_SIGN_IDENTITY = "iPhone Developer";
				"CODE_SIGN_IDENTITY[sdk=iphoneos*]" = "iPhone Developer";
				GCC_PRECOMPILE_PREFIX_HEADER = YES;
				GCC_PREFIX_HEADER = "DemoApp/DemoApp-Prefix.pch";
				INFOPLIST_FILE = "DemoApp/DemoApp-Info.plist";
				PRODUCT_NAME = "$(TARGET_NAME)";
				PROVISIONING_PROFILE = "";
				WRAPPER_EXTENSION = app;
			};
			name = Debug;
		};
		40F1A05817C7D535008EC381 /* Release */ = {
			isa = XCBuildConfiguration;
			buildSettings = {
				ASSETCATALOG_COMPILER_APPICON_NAME = AppIcon;
				ASSETCATALOG_COMPILER_LAUNCHIMAGE_NAME = LaunchImage;
				CODE_SIGN_IDENTITY = "iPhone Developer";
				"CODE_SIGN_IDENTITY[sdk=iphoneos*]" = "iPhone Developer";
				GCC_PRECOMPILE_PREFIX_HEADER = YES;
				GCC_PREFIX_HEADER = "DemoApp/DemoApp-Prefix.pch";
				INFOPLIST_FILE = "DemoApp/DemoApp-Info.plist";
				PRODUCT_NAME = "$(TARGET_NAME)";
				PROVISIONING_PROFILE = "";
				WRAPPER_EXTENSION = app;
			};
			name = Release;
		};
		40F1A05A17C7D535008EC381 /* Debug */ = {
			isa = XCBuildConfiguration;
			buildSettings = {
				BUNDLE_LOADER = "$(BUILT_PRODUCTS_DIR)/DemoApp.app/DemoApp";
				FRAMEWORK_SEARCH_PATHS = (
					"$(SDKROOT)/Developer/Library/Frameworks",
					"$(inherited)",
					"$(DEVELOPER_FRAMEWORKS_DIR)",
				);
				GCC_PRECOMPILE_PREFIX_HEADER = YES;
				GCC_PREFIX_HEADER = "DemoApp/DemoApp-Prefix.pch";
				GCC_PREPROCESSOR_DEFINITIONS = (
					"DEBUG=1",
					"$(inherited)",
				);
				INFOPLIST_FILE = "DemoAppTests/DemoAppTests-Info.plist";
				PRODUCT_NAME = "$(TARGET_NAME)";
				TEST_HOST = "$(BUNDLE_LOADER)";
				WRAPPER_EXTENSION = xctest;
			};
			name = Debug;
		};
		40F1A05B17C7D535008EC381 /* Release */ = {
			isa = XCBuildConfiguration;
			buildSettings = {
				BUNDLE_LOADER = "$(BUILT_PRODUCTS_DIR)/DemoApp.app/DemoApp";
				FRAMEWORK_SEARCH_PATHS = (
					"$(SDKROOT)/Developer/Library/Frameworks",
					"$(inherited)",
					"$(DEVELOPER_FRAMEWORKS_DIR)",
				);
				GCC_PRECOMPILE_PREFIX_HEADER = YES;
				GCC_PREFIX_HEADER = "DemoApp/DemoApp-Prefix.pch";
				INFOPLIST_FILE = "DemoAppTests/DemoAppTests-Info.plist";
				PRODUCT_NAME = "$(TARGET_NAME)";
				TEST_HOST = "$(BUNDLE_LOADER)";
				WRAPPER_EXTENSION = xctest;
			};
			name = Release;
		};
/* End XCBuildConfiguration section */

/* Begin XCConfigurationList section */
		40F1A01717C7D535008EC381 /* Build configuration list for PBXProject "DemoApp" */ = {
			isa = XCConfigurationList;
			buildConfigurations = (
				40F1A05417C7D535008EC381 /* Debug */,
				40F1A05517C7D535008EC381 /* Release */,
			);
			defaultConfigurationIsVisible = 0;
			defaultConfigurationName = Release;
		};
		40F1A05617C7D535008EC381 /* Build configuration list for PBXNativeTarget "DemoApp" */ = {
			isa = XCConfigurationList;
			buildConfigurations = (
				40F1A05717C7D535008EC381 /* Debug */,
				40F1A05817C7D535008EC381 /* Release */,
			);
			defaultConfigurationIsVisible = 0;
		};
		40F1A05917C7D535008EC381 /* Build configuration list for PBXNativeTarget "DemoAppTests" */ = {
			isa = XCConfigurationList;
			buildConfigurations = (
				40F1A05A17C7D535008EC381 /* Debug */,
				40F1A05B17C7D535008EC381 /* Release */,
			);
			defaultConfigurationIsVisible = 0;
		};
/* End XCConfigurationList section */
	};
	rootObject = 40F1A01417C7D535008EC381 /* Project object */;
}
